{
    "_readme": [
        "This file locks the dependencies of your project to a known state",
        "Read more about it at https://getcomposer.org/doc/01-basic-usage.md#composer-lock-the-lock-file",
        "This file is @generated automatically"
    ],
    "content-hash": "6d9044a5fd37aaafc642ed6d990617ab",
    "packages": [
        {
            "name": "deviservi/nusoap",
            "version": "v1.123",
            "source": {
                "type": "git",
                "url": "https://github.com/deviservi/nusoap.git",
                "reference": "a20bc25085cdba65a5dc2b12d47c31e2fc8461b2"
            },
            "dist": {
                "type": "zip",
                "url": "https://api.github.com/repos/deviservi/nusoap/zipball/a20bc25085cdba65a5dc2b12d47c31e2fc8461b2",
                "reference": "a20bc25085cdba65a5dc2b12d47c31e2fc8461b2",
                "shasum": ""
            },
            "require": {
                "php": ">=5.3.0"
            },
            "type": "library",
            "autoload": {
                "classmap": [
                    "lib/nusoap.php"
                ]
            },
            "notification-url": "https://packagist.org/downloads/",
            "license": [
                "LGPLv2"
            ],
            "authors": [
                {
                    "name": "Dietrich Ayala",
                    "homepage": "http://sourceforge.net/u/dietricha/profile/"
                },
                {
                    "name": "Scott Nichol",
                    "homepage": "http://sourceforge.net/u/snichol/profile/"
                }
            ],
            "description": "NuSOAP PHP library re-packaged for Packagist/Composer",
            "keywords": [
                "nusoap",
                "soap"
            ],
            "time": "2014-08-19T12:59:02+00:00"
        }
    ],
    "packages-dev": [],
    "aliases": [],
    "minimum-stability": "stable",
    "stability-flags": [],
    "prefer-stable": false,
    "prefer-lowest": false,
    "platform": {
        "php": ">=5.3.0"
    },
    "platform-dev": []
}
